
Microsoft Visual Studio Solution File, Format Version 12.00
# Visual Studio Version 16
VisualStudioVersion = 16.0.31515.178
MinimumVisualStudioVersion = 10.0.40219.1
Project("{FAE04EC0-301F-11D3-BF4B-00C04F79EFBC}") = "CentralAR", "CentralAR\CentralAR.csproj", "{432B4990-9984-4AC0-A192-8C93C6BDDBC4}"
EndProject
Global
	GlobalSection(SolutionConfigurationPlatforms) = preSolution
		Debug|Any CPU = Debug|Any CPU
		Release|Any CPU = Release|Any CPU
	EndGlobalSection
	GlobalSection(ProjectConfigurationPlatforms) = postSolution
		{432B4990-9984-4AC0-A192-8C93C6BDDBC4}.Debug|Any CPU.ActiveCfg = Debug|Any CPU
		{432B4990-9984-4AC0-A192-8C93C6BDDBC4}.Debug|Any CPU.Build.0 = Debug|Any CPU
		{432B4990-9984-4AC0-A192-8C93C6BDDBC4}.Release|Any CPU.ActiveCfg = Release|Any CPU
		{432B4990-9984-4AC0-A192-8C93C6BDDBC4}.Release|Any CPU.Build.0 = Release|Any CPU
	EndGlobalSection
	GlobalSection(SolutionProperties) = preSolution
		HideSolutionNode = FALSE
	EndGlobalSection
	GlobalSection(ExtensibilityGlobals) = postSolution
		SolutionGuid = {8BAFECDC-FF3B-4B9A-826B-75796E5327F3}
	EndGlobalSection
EndGlobal
